Microsoft Visual Studio Solution File, Format Version 12.00
# CivOne
VisualStudioVersion = 15.0.26124.0
MinimumVisualStudioVersion = 15.0.26124.0
Project("{FAE04EC0-301F-11D3-BF4B-00C04F79EFBC}") = "CivOne", "CivOne.csproj", "{7CFB5180-C007-480E-89C5-6DFB25FD3989}"
EndProject
Project("{FAE04EC0-301F-11D3-BF4B-00C04F79EFBC}") = "CivOne.UnitTests", "xunit\CivOne.UnitTests.csproj", "{2B28A770-95B4-4101-804F-A1B8038AECB8}"
EndProject
Project("{FAE04EC0-301F-11D3-BF4B-00C04F79EFBC}") = "CivOne.API", "api\CivOne.API.csproj", "{FDB7265F-B0A0-454E-9A34-47427CE619D8}"
EndProject
Project("{2150E333-8FDC-42A3-9474-1A3956D46DE8}") = "runtime", "runtime", "{4052B028-E04B-4794-B217-98ADEF4D1D11}"
EndProject
Project("{FAE04EC0-301F-11D3-BF4B-00C04F79EFBC}") = "CivOne.OpenTK", "runtime\opentk\CivOne.OpenTK.csproj", "{07281F87-4C05-4323-ABEA-6DB293CDE004}"
EndProject
Project("{FAE04EC0-301F-11D3-BF4B-00C04F79EFBC}") = "CivOne.Win32", "runtime\win32\CivOne.Win32.csproj", "{5A0F917C-0A4D-4360-BF4C-4DA9C32DFC2A}"
EndProject
Project("{FAE04EC0-301F-11D3-BF4B-00C04F79EFBC}") = "CivOne.SDL", "runtime\sdl\CivOne.SDL.csproj", "{8BE1D37B-A67C-4918-A33C-BA80470DF1C9}"
EndProject
Global
	GlobalSection(SolutionConfigurationPlatforms) = preSolution
		Debug|Any CPU = Debug|Any CPU
		Debug|x64 = Debug|x64
		Debug|x86 = Debug|x86
		Release|Any CPU = Release|Any CPU
		Release|x64 = Release|x64
		Release|x86 = Release|x86
	EndGlobalSection
	GlobalSection(SolutionProperties) = preSolution
		HideSolutionNode = FALSE
	EndGlobalSection
	GlobalSection(ProjectConfigurationPlatforms) = postSolution
		{7CFB5180-C007-480E-89C5-6DFB25FD3989}.Debug|Any CPU.ActiveCfg = Debug|Any CPU
		{7CFB5180-C007-480E-89C5-6DFB25FD3989}.Debug|Any CPU.Build.0 = Debug|Any CPU
		{7CFB5180-C007-480E-89C5-6DFB25FD3989}.Debug|x64.ActiveCfg = Debug|x64
		{7CFB5180-C007-480E-89C5-6DFB25FD3989}.Debug|x64.Build.0 = Debug|x64
		{7CFB5180-C007-480E-89C5-6DFB25FD3989}.Debug|x86.ActiveCfg = Debug|x86
		{7CFB5180-C007-480E-89C5-6DFB25FD3989}.Debug|x86.Build.0 = Debug|x86
		{7CFB5180-C007-480E-89C5-6DFB25FD3989}.Release|Any CPU.ActiveCfg = Release|Any CPU
		{7CFB5180-C007-480E-89C5-6DFB25FD3989}.Release|Any CPU.Build.0 = Release|Any CPU
		{7CFB5180-C007-480E-89C5-6DFB25FD3989}.Release|x64.ActiveCfg = Release|x64
		{7CFB5180-C007-480E-89C5-6DFB25FD3989}.Release|x64.Build.0 = Release|x64
		{7CFB5180-C007-480E-89C5-6DFB25FD3989}.Release|x86.ActiveCfg = Release|x86
		{7CFB5180-C007-480E-89C5-6DFB25FD3989}.Release|x86.Build.0 = Release|x86
		{FDD74310-F096-4D44-A8A9-92315164F85C}.Debug|Any CPU.ActiveCfg = Debug|Any CPU
		{FDD74310-F096-4D44-A8A9-92315164F85C}.Debug|Any CPU.Build.0 = Debug|Any CPU
		{FDD74310-F096-4D44-A8A9-92315164F85C}.Debug|x64.ActiveCfg = Debug|x64
		{FDD74310-F096-4D44-A8A9-92315164F85C}.Debug|x64.Build.0 = Debug|x64
		{FDD74310-F096-4D44-A8A9-92315164F85C}.Debug|x86.ActiveCfg = Debug|x86
		{FDD74310-F096-4D44-A8A9-92315164F85C}.Debug|x86.Build.0 = Debug|x86
		{FDD74310-F096-4D44-A8A9-92315164F85C}.Release|Any CPU.ActiveCfg = Release|Any CPU
		{FDD74310-F096-4D44-A8A9-92315164F85C}.Release|Any CPU.Build.0 = Release|Any CPU
		{FDD74310-F096-4D44-A8A9-92315164F85C}.Release|x64.ActiveCfg = Release|x64
		{FDD74310-F096-4D44-A8A9-92315164F85C}.Release|x64.Build.0 = Release|x64
		{FDD74310-F096-4D44-A8A9-92315164F85C}.Release|x86.ActiveCfg = Release|x86
		{FDD74310-F096-4D44-A8A9-92315164F85C}.Release|x86.Build.0 = Release|x86
		{2B28A770-95B4-4101-804F-A1B8038AECB8}.Debug|Any CPU.ActiveCfg = Debug|Any CPU
		{2B28A770-95B4-4101-804F-A1B8038AECB8}.Debug|Any CPU.Build.0 = Debug|Any CPU
		{2B28A770-95B4-4101-804F-A1B8038AECB8}.Debug|x64.ActiveCfg = Debug|x64
		{2B28A770-95B4-4101-804F-A1B8038AECB8}.Debug|x64.Build.0 = Debug|x64
		{2B28A770-95B4-4101-804F-A1B8038AECB8}.Debug|x86.ActiveCfg = Debug|x86
		{2B28A770-95B4-4101-804F-A1B8038AECB8}.Debug|x86.Build.0 = Debug|x86
		{2B28A770-95B4-4101-804F-A1B8038AECB8}.Release|Any CPU.ActiveCfg = Release|Any CPU
		{2B28A770-95B4-4101-804F-A1B8038AECB8}.Release|Any CPU.Build.0 = Release|Any CPU
		{2B28A770-95B4-4101-804F-A1B8038AECB8}.Release|x64.ActiveCfg = Release|x64
		{2B28A770-95B4-4101-804F-A1B8038AECB8}.Release|x64.Build.0 = Release|x64
		{2B28A770-95B4-4101-804F-A1B8038AECB8}.Release|x86.ActiveCfg = Release|x86
		{2B28A770-95B4-4101-804F-A1B8038AECB8}.Release|x86.Build.0 = Release|x86
		{FDB7265F-B0A0-454E-9A34-47427CE619D8}.Debug|Any CPU.ActiveCfg = Debug|Any CPU
		{FDB7265F-B0A0-454E-9A34-47427CE619D8}.Debug|Any CPU.Build.0 = Debug|Any CPU
		{FDB7265F-B0A0-454E-9A34-47427CE619D8}.Debug|x64.ActiveCfg = Debug|x64
		{FDB7265F-B0A0-454E-9A34-47427CE619D8}.Debug|x64.Build.0 = Debug|x64
		{FDB7265F-B0A0-454E-9A34-47427CE619D8}.Debug|x86.ActiveCfg = Debug|x86
		{FDB7265F-B0A0-454E-9A34-47427CE619D8}.Debug|x86.Build.0 = Debug|x86
		{FDB7265F-B0A0-454E-9A34-47427CE619D8}.Release|Any CPU.ActiveCfg = Release|Any CPU
		{FDB7265F-B0A0-454E-9A34-47427CE619D8}.Release|Any CPU.Build.0 = Release|Any CPU
		{FDB7265F-B0A0-454E-9A34-47427CE619D8}.Release|x64.ActiveCfg = Release|x64
		{FDB7265F-B0A0-454E-9A34-47427CE619D8}.Release|x64.Build.0 = Release|x64
		{FDB7265F-B0A0-454E-9A34-47427CE619D8}.Release|x86.ActiveCfg = Release|x86
		{FDB7265F-B0A0-454E-9A34-47427CE619D8}.Release|x86.Build.0 = Release|x86
		{07281F87-4C05-4323-ABEA-6DB293CDE004}.Debug|Any CPU.ActiveCfg = Debug|Any CPU
		{07281F87-4C05-4323-ABEA-6DB293CDE004}.Debug|Any CPU.Build.0 = Debug|Any CPU
		{07281F87-4C05-4323-ABEA-6DB293CDE004}.Debug|x64.ActiveCfg = Debug|x64
		{07281F87-4C05-4323-ABEA-6DB293CDE004}.Debug|x64.Build.0 = Debug|x64
		{07281F87-4C05-4323-ABEA-6DB293CDE004}.Debug|x86.ActiveCfg = Debug|x86
		{07281F87-4C05-4323-ABEA-6DB293CDE004}.Debug|x86.Build.0 = Debug|x86
		{07281F87-4C05-4323-ABEA-6DB293CDE004}.Release|Any CPU.ActiveCfg = Release|Any CPU
		{07281F87-4C05-4323-ABEA-6DB293CDE004}.Release|Any CPU.Build.0 = Release|Any CPU
		{07281F87-4C05-4323-ABEA-6DB293CDE004}.Release|x64.ActiveCfg = Release|x64
		{07281F87-4C05-4323-ABEA-6DB293CDE004}.Release|x64.Build.0 = Release|x64
		{07281F87-4C05-4323-ABEA-6DB293CDE004}.Release|x86.ActiveCfg = Release|x86
		{07281F87-4C05-4323-ABEA-6DB293CDE004}.Release|x86.Build.0 = Release|x86
		{5A0F917C-0A4D-4360-BF4C-4DA9C32DFC2A}.Debug|Any CPU.ActiveCfg = Debug|Any CPU
		{5A0F917C-0A4D-4360-BF4C-4DA9C32DFC2A}.Debug|Any CPU.Build.0 = Debug|Any CPU
		{5A0F917C-0A4D-4360-BF4C-4DA9C32DFC2A}.Debug|x64.ActiveCfg = Debug|x64
		{5A0F917C-0A4D-4360-BF4C-4DA9C32DFC2A}.Debug|x64.Build.0 = Debug|x64
		{5A0F917C-0A4D-4360-BF4C-4DA9C32DFC2A}.Debug|x86.ActiveCfg = Debug|x86
		{5A0F917C-0A4D-4360-BF4C-4DA9C32DFC2A}.Debug|x86.Build.0 = Debug|x86
		{5A0F917C-0A4D-4360-BF4C-4DA9C32DFC2A}.Release|Any CPU.ActiveCfg = Release|Any CPU
		{5A0F917C-0A4D-4360-BF4C-4DA9C32DFC2A}.Release|Any CPU.Build.0 = Release|Any CPU
		{5A0F917C-0A4D-4360-BF4C-4DA9C32DFC2A}.Release|x64.ActiveCfg = Release|x64
		{5A0F917C-0A4D-4360-BF4C-4DA9C32DFC2A}.Release|x64.Build.0 = Release|x64
		{5A0F917C-0A4D-4360-BF4C-4DA9C32DFC2A}.Release|x86.ActiveCfg = Release|x86
		{5A0F917C-0A4D-4360-BF4C-4DA9C32DFC2A}.Release|x86.Build.0 = Release|x86
		{8BE1D37B-A67C-4918-A33C-BA80470DF1C9}.Debug|Any CPU.ActiveCfg = Debug|Any CPU
		{8BE1D37B-A67C-4918-A33C-BA80470DF1C9}.Debug|Any CPU.Build.0 = Debug|Any CPU
		{8BE1D37B-A67C-4918-A33C-BA80470DF1C9}.Debug|x64.ActiveCfg = Debug|x64
		{8BE1D37B-A67C-4918-A33C-BA80470DF1C9}.Debug|x64.Build.0 = Debug|x64
		{8BE1D37B-A67C-4918-A33C-BA80470DF1C9}.Debug|x86.ActiveCfg = Debug|x86
		{8BE1D37B-A67C-4918-A33C-BA80470DF1C9}.Debug|x86.Build.0 = Debug|x86
		{8BE1D37B-A67C-4918-A33C-BA80470DF1C9}.Release|Any CPU.ActiveCfg = Release|Any CPU
		{8BE1D37B-A67C-4918-A33C-BA80470DF1C9}.Release|Any CPU.Build.0 = Release|Any CPU
		{8BE1D37B-A67C-4918-A33C-BA80470DF1C9}.Release|x64.ActiveCfg = Release|x64
		{8BE1D37B-A67C-4918-A33C-BA80470DF1C9}.Release|x64.Build.0 = Release|x64
		{8BE1D37B-A67C-4918-A33C-BA80470DF1C9}.Release|x86.ActiveCfg = Release|x86
		{8BE1D37B-A67C-4918-A33C-BA80470DF1C9}.Release|x86.Build.0 = Release|x86
	EndGlobalSection
	GlobalSection(NestedProjects) = preSolution
		{07281F87-4C05-4323-ABEA-6DB293CDE004} = {4052B028-E04B-4794-B217-98ADEF4D1D11}
		{5A0F917C-0A4D-4360-BF4C-4DA9C32DFC2A} = {4052B028-E04B-4794-B217-98ADEF4D1D11}
		{8BE1D37B-A67C-4918-A33C-BA80470DF1C9} = {4052B028-E04B-4794-B217-98ADEF4D1D11}
	EndGlobalSection
EndGlobal
